// !$*UTF8*$!
{
	archiveVersion = 1;
	classes = {
	};
	objectVersion = 56;
	objects = {

/* Begin PBXBuildFile section */
		8450F67E2B8D30B900CB0B65 /* tvOS_Sample_GuideApp.swift in Sources */ = {isa = PBXBuildFile; fileRef = 8450F67D2B8D30B900CB0B65 /* tvOS_Sample_GuideApp.swift */; };
		8450F6802B8D30B900CB0B65 /* UserInteraction.swift in Sources */ = {isa = PBXBuildFile; fileRef = 8450F67F2B8D30B900CB0B65 /* UserInteraction.swift */; };
		8450F6822B8D30BB00CB0B65 /* Assets.xcassets in Resources */ = {isa = PBXBuildFile; fileRef = 8450F6812B8D30BB00CB0B65 /* Assets.xcassets */; };
		8450F6852B8D30BB00CB0B65 /* Preview Assets.xcassets in Resources */ = {isa = PBXBuildFile; fileRef = 8450F6842B8D30BB00CB0B65 /* Preview Assets.xcassets */; };
		8450F6A92B9127CD00CB0B65 /* FocusSection.swift in Sources */ = {isa = PBXBuildFile; fileRef = 8450F6A82B9127CD00CB0B65 /* FocusSection.swift */; };
		8450F6AB2B912AB000CB0B65 /* TabViewC.swift in Sources */ = {isa = PBXBuildFile; fileRef = 8450F6AA2B912AB000CB0B65 /* TabViewC.swift */; };
/* End PBXBuildFile section */

/* Begin PBXFileReference section */
		8450F67A2B8D30B900CB0B65 /* tvOS-Sample-Guide.app */ = {isa = PBXFileReference; explicitFileType = wrapper.application; includeInIndex = 0; path = "tvOS-Sample-Guide.app"; sourceTree = BUILT_PRODUCTS_DIR; };
		8450F67D2B8D30B900CB0B65 /* tvOS_Sample_GuideApp.swift */ = {isa = PBXFileReference; lastKnownFileType = sourcecode.swift; path = tvOS_Sample_GuideApp.swift; sourceTree = "<group>"; };
		8450F67F2B8D30B900CB0B65 /* UserInteraction.swift */ = {isa = PBXFileReference; lastKnownFileType = sourcecode.swift; path = UserInteraction.swift; sourceTree = "<group>"; };
		8450F6812B8D30BB00CB0B65 /* Assets.xcassets */ = {isa = PBXFileReference; lastKnownFileType = folder.assetcatalog; path = Assets.xcassets; sourceTree = "<group>"; };
		8450F6842B8D30BB00CB0B65 /* Preview Assets.xcassets */ = {isa = PBXFileReference; lastKnownFileType = folder.assetcatalog; path = "Preview Assets.xcassets"; sourceTree = "<group>"; };
		8450F6A82B9127CD00CB0B65 /* FocusSection.swift */ = {isa = PBXFileReference; lastKnownFileType = sourcecode.swift; path = FocusSection.swift; sourceTree = "<group>"; };
		8450F6AA2B912AB000CB0B65 /* TabViewC.swift */ = {isa = PBXFileReference; lastKnownFileType = sourcecode.swift; path = TabViewC.swift; sourceTree = "<group>"; };
/* End PBXFileReference section */

/* Begin PBXFrameworksBuildPhase section */
		8450F6772B8D30B900CB0B65 /* Frameworks */ = {
			isa = PBXFrameworksBuildPhase;
			buildActionMask = 2147483647;
			files = (
			);
			runOnlyForDeploymentPostprocessing = 0;
		};
/* End PBXFrameworksBuildPhase section */

/* Begin PBXGroup section */
		8450F6712B8D30B900CB0B65 = {
			isa = PBXGroup;
			children = (
				8450F67C2B8D30B900CB0B65 /* tvOS-Sample-Guide */,
				8450F67B2B8D30B900CB0B65 /* Products */,
			);
			sourceTree = "<group>";
		};
		8450F67B2B8D30B900CB0B65 /* Products */ = {
			isa = PBXGroup;
			children = (
				8450F67A2B8D30B900CB0B65 /* tvOS-Sample-Guide.app */,
			);
			name = Products;
			sourceTree = "<group>";
		};
		8450F67C2B8D30B900CB0B65 /* tvOS-Sample-Guide */ = {
			isa = PBXGroup;
			children = (
				8450F6A52B8FD64900CB0B65 /* Episode 1  - User Interaction */,
				8450F6A62B8FDDD200CB0B65 /* Episode 2- TabView */,
				8450F6A72B9127AB00CB0B65 /* Episode 3 - Focus Section */,
				8450F67D2B8D30B900CB0B65 /* tvOS_Sample_GuideApp.swift */,
				8450F6812B8D30BB00CB0B65 /* Assets.xcassets */,
				8450F6832B8D30BB00CB0B65 /* Preview Content */,
			);
			path = "tvOS-Sample-Guide";
			sourceTree = "<group>";
		};
		8450F6832B8D30BB00CB0B65 /* Preview Content */ = {
			isa = PBXGroup;
			children = (
				8450F6842B8D30BB00CB0B65 /* Preview Assets.xcassets */,
			);
			path = "Preview Content";
			sourceTree = "<group>";
		};
		8450F6A52B8FD64900CB0B65 /* Episode 1  - User Interaction */ = {
			isa = PBXGroup;
			children = (
				8450F67F2B8D30B900CB0B65 /* UserInteraction.swift */,
			);
			path = "Episode 1  - User Interaction";
			sourceTree = "<group>";
		};
		8450F6A62B8FDDD200CB0B65 /* Episode 2- TabView */ = {
			isa = PBXGroup;
			children = (
				8450F6AA2B912AB000CB0B65 /* TabViewC.swift */,
			);
			path = "Episode 2- TabView";
			sourceTree = "<group>";
		};
		8450F6A72B9127AB00CB0B65 /* Episode 3 - Focus Section */ = {
			isa = PBXGroup;
			children = (
				8450F6A82B9127CD00CB0B65 /* FocusSection.swift */,
			);
			path = "Episode 3 - Focus Section";
			sourceTree = "<group>";
		};
/* End PBXGroup section */

/* Begin PBXNativeTarget section */
		8450F6792B8D30B900CB0B65 /* tvOS-Sample-Guide */ = {
			isa = PBXNativeTarget;
			buildConfigurationList = 8450F6882B8D30BB00CB0B65 /* Build configuration list for PBXNativeTarget "tvOS-Sample-Guide" */;
			buildPhases = (
				8450F6762B8D30B900CB0B65 /* Sources */,
				8450F6772B8D30B900CB0B65 /* Frameworks */,
				8450F6782B8D30B900CB0B65 /* Resources */,
			);
			buildRules = (
			);
			dependencies = (
			);
			name = "tvOS-Sample-Guide";
			productName = "tvOS-Sample-Guide";
			productReference = 8450F67A2B8D30B900CB0B65 /* tvOS-Sample-Guide.app */;
			productType = "com.apple.product-type.application";
		};
/* End PBXNativeTarget section */

/* Begin PBXProject section */
		8450F6722B8D30B900CB0B65 /* Project object */ = {
			isa = PBXProject;
			attributes = {
				BuildIndependentTargetsInParallel = 1;
				LastSwiftUpdateCheck = 1500;
				LastUpgradeCheck = 1500;
				TargetAttributes = {
					8450F6792B8D30B900CB0B65 = {
						CreatedOnToolsVersion = 15.0;
					};
				};
			};
			buildConfigurationList = 8450F6752B8D30B900CB0B65 /* Build configuration list for PBXProject "tvOS-Sample-Guide" */;
			compatibilityVersion = "Xcode 14.0";
			developmentRegion = en;
			hasScannedForEncodings = 0;
			knownRegions = (
				en,
				Base,
			);
			mainGroup = 8450F6712B8D30B900CB0B65;
			productRefGroup = 8450F67B2B8D30B900CB0B65 /* Products */;
			projectDirPath = "";
			projectRoot = "";
			targets = (
				8450F6792B8D30B900CB0B65 /* tvOS-Sample-Guide */,
			);
		};
/* End PBXProject section */

/* Begin PBXResourcesBuildPhase section */
		8450F6782B8D30B900CB0B65 /* Resources */ = {
			isa = PBXResourcesBuildPhase;
			buildActionMask = 2147483647;
			files = (
				8450F6852B8D30BB00CB0B65 /* Preview Assets.xcassets in Resources */,
				8450F6822B8D30BB00CB0B65 /* Assets.xcassets in Resources */,
			);
			runOnlyForDeploymentPostprocessing = 0;
		};
/* End PBXResourcesBuildPhase section */

/* Begin PBXSourcesBuildPhase section */
		8450F6762B8D30B900CB0B65 /* Sources */ = {
			isa = PBXSourcesBuildPhase;
			buildActionMask = 2147483647;
			files = (
				8450F6802B8D30B900CB0B65 /* UserInteraction.swift in Sources */,
				8450F6A92B9127CD00CB0B65 /* FocusSection.swift in Sources */,
				8450F6AB2B912AB000CB0B65 /* TabViewC.swift in Sources */,
				8450F67E2B8D30B900CB0B65 /* tvOS_Sample_GuideApp.swift in Sources */,
			);
			runOnlyForDeploymentPostprocessing = 0;
		};
/* End PBXSourcesBuildPhase section */

/* Begin XCBuildConfiguration section */
		8450F6862B8D30BB00CB0B65 /* Debug */ = {
			isa = XCBuildConfiguration;
			buildSettings = {
				ALWAYS_SEARCH_USER_PATHS = NO;
				ASSETCATALOG_COMPILER_GENERATE_SWIFT_ASSET_SYMBOL_EXTENSIONS = YES;
				CLANG_ANALYZER_NONNULL = YES;
				CLANG_ANALYZER_NUMBER_OBJECT_CONVERSION = YES_AGGRESSIVE;
				CLANG_CXX_LANGUAGE_STANDARD = "gnu++20";
				CLANG_ENABLE_MODULES = YES;
				CLANG_ENABLE_OBJC_ARC = YES;
				CLANG_ENABLE_OBJC_WEAK = YES;
				CLANG_WARN_BLOCK_CAPTURE_AUTORELEASING = YES;
				CLANG_WARN_BOOL_CONVERSION = YES;
				CLANG_WARN_COMMA = YES;
				CLANG_WARN_CONSTANT_CONVERSION = YES;
				CLANG_WARN_DEPRECATED_OBJC_IMPLEMENTATIONS = YES;
				CLANG_WARN_DIRECT_OBJC_ISA_USAGE = YES_ERROR;
				CLANG_WARN_DOCUMENTATION_COMMENTS = YES;
				CLANG_WARN_EMPTY_BODY = YES;
				CLANG_WARN_ENUM_CONVERSION = YES;
				CLANG_WARN_INFINITE_RECURSION = YES;
				CLANG_WARN_INT_CONVERSION = YES;
				CLANG_WARN_NON_LITERAL_NULL_CONVERSION = YES;
				CLANG_WARN_OBJC_IMPLICIT_RETAIN_SELF = YES;
				CLANG_WARN_OBJC_LITERAL_CONVERSION = YES;
				CLANG_WARN_OBJC_ROOT_CLASS = YES_ERROR;
				CLANG_WARN_QUOTED_INCLUDE_IN_FRAMEWORK_HEADER = YES;
				CLANG_WARN_RANGE_LOOP_ANALYSIS = YES;
				CLANG_WARN_STRICT_PROTOTYPES = YES;
				CLANG_WARN_SUSPICIOUS_MOVE = YES;
				CLANG_WARN_UNGUARDED_AVAILABILITY = YES_AGGRESSIVE;
				CLANG_WARN_UNREACHABLE_CODE = YES;
				CLANG_WARN__DUPLICATE_METHOD_MATCH = YES;
				COPY_PHASE_STRIP = NO;
				DEBUG_INFORMATION_FORMAT = dwarf;
				ENABLE_STRICT_OBJC_MSGSEND = YES;
				ENABLE_TESTABILITY = YES;
				ENABLE_USER_SCRIPT_SANDBOXING = YES;
				GCC_C_LANGUAGE_STANDARD = gnu17;
				GCC_DYNAMIC_NO_PIC = NO;
				GCC_NO_COMMON_BLOCKS = YES;
				GCC_OPTIMIZATION_LEVEL = 0;
				GCC_PREPROCESSOR_DEFINITIONS = (
					"DEBUG=1",
					"$(inherited)",
				);
				GCC_WARN_64_TO_32_BIT_CONVERSION = YES;
				GCC_WARN_ABOUT_RETURN_TYPE = YES_ERROR;
				GCC_WARN_UNDECLARED_SELECTOR = YES;
				GCC_WARN_UNINITIALIZED_AUTOS = YES_AGGRESSIVE;
				GCC_WARN_UNUSED_FUNCTION = YES;
				GCC_WARN_UNUSED_VARIABLE = YES;
				LOCALIZATION_PREFERS_STRING_CATALOGS = YES;
				MTL_ENABLE_DEBUG_INFO = INCLUDE_SOURCE;
				MTL_FAST_MATH = YES;
				ONLY_ACTIVE_ARCH = YES;
				SDKROOT = appletvos;
				SWIFT_ACTIVE_COMPILATION_CONDITIONS = "DEBUG $(inherited)";
				SWIFT_OPTIMIZATION_LEVEL = "-Onone";
				TVOS_DEPLOYMENT_TARGET = 17.0;
			};
			name = Debug;
		};
		8450F6872B8D30BB00CB0B65 /* Release */ = {
			isa = XCBuildConfiguration;
			buildSettings = {
				ALWAYS_SEARCH_USER_PATHS = NO;
				ASSETCATALOG_COMPILER_GENERATE_SWIFT_ASSET_SYMBOL_EXTENSIONS = YES;
				CLANG_ANALYZER_NONNULL = YES;
				CLANG_ANALYZER_NUMBER_OBJECT_CONVERSION = YES_AGGRESSIVE;
				CLANG_CXX_LANGUAGE_STANDARD = "gnu++20";
				CLANG_ENABLE_MODULES = YES;
				CLANG_ENABLE_OBJC_ARC = YES;
				CLANG_ENABLE_OBJC_WEAK = YES;
				CLANG_WARN_BLOCK_CAPTURE_AUTORELEASING = YES;
				CLANG_WARN_BOOL_CONVERSION = YES;
				CLANG_WARN_COMMA = YES;
				CLANG_WARN_CONSTANT_CONVERSION = YES;
				CLANG_WARN_DEPRECATED_OBJC_IMPLEMENTATIONS = YES;
				CLANG_WARN_DIRECT_OBJC_ISA_USAGE = YES_ERROR;
				CLANG_WARN_DOCUMENTATION_COMMENTS = YES;
				CLANG_WARN_EMPTY_BODY = YES;
				CLANG_WARN_ENUM_CONVERSION = YES;
				CLANG_WARN_INFINITE_RECURSION = YES;
				CLANG_WARN_INT_CONVERSION = YES;
				CLANG_WARN_NON_LITERAL_NULL_CONVERSION = YES;
				CLANG_WARN_OBJC_IMPLICIT_RETAIN_SELF = YES;
				CLANG_WARN_OBJC_LITERAL_CONVERSION = YES;
				CLANG_WARN_OBJC_ROOT_CLASS = YES_ERROR;
				CLANG_WARN_QUOTED_INCLUDE_IN_FRAMEWORK_HEADER = YES;
				CLANG_WARN_RANGE_LOOP_ANALYSIS = YES;
				CLANG_WARN_STRICT_PROTOTYPES = YES;
				CLANG_WARN_SUSPICIOUS_MOVE = YES;
				CLANG_WARN_UNGUARDED_AVAILABILITY = YES_AGGRESSIVE;
				CLANG_WARN_UNREACHABLE_CODE = YES;
				CLANG_WARN__DUPLICATE_METHOD_MATCH = YES;
				COPY_PHASE_STRIP = NO;
				DEBUG_INFORMATION_FORMAT = "dwarf-with-dsym";
				ENABLE_NS_ASSERTIONS = NO;
				ENABLE_STRICT_OBJC_MSGSEND = YES;
				ENABLE_USER_SCRIPT_SANDBOXING = YES;
				GCC_C_LANGUAGE_STANDARD = gnu17;
				GCC_NO_COMMON_BLOCKS = YES;
				GCC_WARN_64_TO_32_BIT_CONVERSION = YES;
				GCC_WARN_ABOUT_RETURN_TYPE = YES_ERROR;
				GCC_WARN_UNDECLARED_SELECTOR = YES;
				GCC_WARN_UNINITIALIZED_AUTOS = YES_AGGRESSIVE;
				GCC_WARN_UNUSED_FUNCTION = YES;
				GCC_WARN_UNUSED_VARIABLE = YES;
				LOCALIZATION_PREFERS_STRING_CATALOGS = YES;
				MTL_ENABLE_DEBUG_INFO = NO;
				MTL_FAST_MATH = YES;
				SDKROOT = appletvos;
				SWIFT_COMPILATION_MODE = wholemodule;
				TVOS_DEPLOYMENT_TARGET = 17.0;
				VALIDATE_PRODUCT = YES;
			};
			name = Release;
		};
		8450F6892B8D30BB00CB0B65 /* Debug */ = {
			isa = XCBuildConfiguration;
			buildSettings = {
				ASSETCATALOG_COMPILER_APPICON_NAME = "App Icon & Top Shelf Image";
				ASSETCATALOG_COMPILER_GLOBAL_ACCENT_COLOR_NAME = AccentColor;
				CODE_SIGN_STYLE = Automatic;
				CURRENT_PROJECT_VERSION = 1;
				DEVELOPMENT_ASSET_PATHS = "\"tvOS-Sample-Guide/Preview Content\"";
				DEVELOPMENT_TEAM = 8QYNBM8TBH;
				ENABLE_PREVIEWS = YES;
				GENERATE_INFOPLIST_FILE = YES;
				INFOPLIST_KEY_UILaunchScreen_Generation = YES;
				INFOPLIST_KEY_UIUserInterfaceStyle = Automatic;
				LD_RUNPATH_SEARCH_PATHS = (
					"$(inherited)",
					"@executable_path/Frameworks",
				);
				MARKETING_VERSION = 1.0;
				PRODUCT_BUNDLE_IDENTIFIER = "com.abdul.tvOS-Sample-Guide";
				PRODUCT_NAME = "$(TARGET_NAME)";
				SWIFT_EMIT_LOC_STRINGS = YES;
				SWIFT_VERSION = 5.0;
				TARGETED_DEVICE_FAMILY = 3;
			};
			name = Debug;
		};
		8450F68A2B8D30BB00CB0B65 /* Release */ = {
			isa = XCBuildConfiguration;
			buildSettings = {
				ASSETCATALOG_COMPILER_APPICON_NAME = "App Icon & Top Shelf Image";
				ASSETCATALOG_COMPILER_GLOBAL_ACCENT_COLOR_NAME = AccentColor;
				CODE_SIGN_STYLE = Automatic;
				CURRENT_PROJECT_VERSION = 1;
				DEVELOPMENT_ASSET_PATHS = "\"tvOS-Sample-Guide/Preview Content\"";
				DEVELOPMENT_TEAM = 8QYNBM8TBH;
				ENABLE_PREVIEWS = YES;
				GENERATE_INFOPLIST_FILE = YES;
				INFOPLIST_KEY_UILaunchScreen_Generation = YES;
				INFOPLIST_KEY_UIUserInterfaceStyle = Automatic;
				LD_RUNPATH_SEARCH_PATHS = (
					"$(inherited)",
					"@executable_path/Frameworks",
				);
				MARKETING_VERSION = 1.0;
				PRODUCT_BUNDLE_IDENTIFIER = "com.abdul.tvOS-Sample-Guide";
				PRODUCT_NAME = "$(TARGET_NAME)";
				SWIFT_EMIT_LOC_STRINGS = YES;
				SWIFT_VERSION = 5.0;
				TARGETED_DEVICE_FAMILY = 3;
			};
			name = Release;
		};
/* End XCBuildConfiguration section */

/* Begin XCConfigurationList section */
		8450F6752B8D30B900CB0B65 /* Build configuration list for PBXProject "tvOS-Sample-Guide" */ = {
			isa = XCConfigurationList;
			buildConfigurations = (
				8450F6862B8D30BB00CB0B65 /* Debug */,
				8450F6872B8D30BB00CB0B65 /* Release */,
			);
			defaultConfigurationIsVisible = 0;
			defaultConfigurationName = Release;
		};
		8450F6882B8D30BB00CB0B65 /* Build configuration list for PBXNativeTarget "tvOS-Sample-Guide" */ = {
			isa = XCConfigurationList;
			buildConfigurations = (
				8450F6892B8D30BB00CB0B65 /* Debug */,
				8450F68A2B8D30BB00CB0B65 /* Release */,
			);
			defaultConfigurationIsVisible = 0;
			defaultConfigurationName = Release;
		};
/* End XCConfigurationList section */
	};
	rootObject = 8450F6722B8D30B900CB0B65 /* Project object */;
}
